
Microsoft Visual Studio Solution File, Format Version 12.00
# Visual Studio 15
VisualStudioVersion = 15.0.28010.2003
MinimumVisualStudioVersion = 10.0.40219.1
Project("{FAE04EC0-301F-11D3-BF4B-00C04F79EFBC}") = "MovieTime2", "MovieTime2\MovieTime2.csproj", "{D59432A1-6DF7-47B0-9AC8-C4809EE67302}"
EndProject
Project("{FAE04EC0-301F-11D3-BF4B-00C04F79EFBC}") = "BLL", "BLL\BLL.csproj", "{71BF7348-ED7D-4493-8FDA-2822AB9AC8B6}"
EndProject
Project("{FAE04EC0-301F-11D3-BF4B-00C04F79EFBC}") = "DAL", "DAL\DAL.csproj", "{C2E6B167-7937-4C4B-8DB1-F8855596C827}"
EndProject
Project("{FAE04EC0-301F-11D3-BF4B-00C04F79EFBC}") = "Model", "Model\Model.csproj", "{EDFF48B4-F603-4F0A-A3DC-EA9E273E14A0}"
EndProject
Project("{FAE04EC0-301F-11D3-BF4B-00C04F79EFBC}") = "UnitTest", "UnitTest\UnitTest.csproj", "{ED8F948D-D734-4897-AADC-AAC823CF998A}"
EndProject
Global
	GlobalSection(SolutionConfigurationPlatforms) = preSolution
		Debug|Any CPU = Debug|Any CPU
		Release|Any CPU = Release|Any CPU
	EndGlobalSection
	GlobalSection(ProjectConfigurationPlatforms) = postSolution
		{D59432A1-6DF7-47B0-9AC8-C4809EE67302}.Debug|Any CPU.ActiveCfg = Debug|Any CPU
		{D59432A1-6DF7-47B0-9AC8-C4809EE67302}.Debug|Any CPU.Build.0 = Debug|Any CPU
		{D59432A1-6DF7-47B0-9AC8-C4809EE67302}.Release|Any CPU.ActiveCfg = Release|Any CPU
		{D59432A1-6DF7-47B0-9AC8-C4809EE67302}.Release|Any CPU.Build.0 = Release|Any CPU
		{71BF7348-ED7D-4493-8FDA-2822AB9AC8B6}.Debug|Any CPU.ActiveCfg = Debug|Any CPU
		{71BF7348-ED7D-4493-8FDA-2822AB9AC8B6}.Debug|Any CPU.Build.0 = Debug|Any CPU
		{71BF7348-ED7D-4493-8FDA-2822AB9AC8B6}.Release|Any CPU.ActiveCfg = Release|Any CPU
		{71BF7348-ED7D-4493-8FDA-2822AB9AC8B6}.Release|Any CPU.Build.0 = Release|Any CPU
		{C2E6B167-7937-4C4B-8DB1-F8855596C827}.Debug|Any CPU.ActiveCfg = Debug|Any CPU
		{C2E6B167-7937-4C4B-8DB1-F8855596C827}.Debug|Any CPU.Build.0 = Debug|Any CPU
		{C2E6B167-7937-4C4B-8DB1-F8855596C827}.Release|Any CPU.ActiveCfg = Release|Any CPU
		{C2E6B167-7937-4C4B-8DB1-F8855596C827}.Release|Any CPU.Build.0 = Release|Any CPU
		{EDFF48B4-F603-4F0A-A3DC-EA9E273E14A0}.Debug|Any CPU.ActiveCfg = Debug|Any CPU
		{EDFF48B4-F603-4F0A-A3DC-EA9E273E14A0}.Debug|Any CPU.Build.0 = Debug|Any CPU
		{EDFF48B4-F603-4F0A-A3DC-EA9E273E14A0}.Release|Any CPU.ActiveCfg = Release|Any CPU
		{EDFF48B4-F603-4F0A-A3DC-EA9E273E14A0}.Release|Any CPU.Build.0 = Release|Any CPU
		{ED8F948D-D734-4897-AADC-AAC823CF998A}.Debug|Any CPU.ActiveCfg = Debug|Any CPU
		{ED8F948D-D734-4897-AADC-AAC823CF998A}.Debug|Any CPU.Build.0 = Debug|Any CPU
		{ED8F948D-D734-4897-AADC-AAC823CF998A}.Release|Any CPU.ActiveCfg = Release|Any CPU
		{ED8F948D-D734-4897-AADC-AAC823CF998A}.Release|Any CPU.Build.0 = Release|Any CPU
	EndGlobalSection
	GlobalSection(SolutionProperties) = preSolution
		HideSolutionNode = FALSE
	EndGlobalSection
	GlobalSection(ExtensibilityGlobals) = postSolution
		SolutionGuid = {B749158C-AC3B-406C-B8C0-B67AEC34590C}
	EndGlobalSection
EndGlobal
